
Microsoft Visual Studio Solution File, Format Version 12.00
# Visual Studio Version 16
VisualStudioVersion = 16.0.30907.101
MinimumVisualStudioVersion = 10.0.40219.1
Project("{9A19103F-16F7-4668-BE54-9A1E7A4F7556}") = "CldStatsData", "CldStatsData\CldStatsData.csproj", "{B95B1A47-2442-47C6-84F1-771AA88A7BAB}"
EndProject
Project("{9A19103F-16F7-4668-BE54-9A1E7A4F7556}") = "CldStatsFunctions", "CldStatsFunctions\CldStatsFunctions.csproj", "{84DD61CD-4DE6-485A-92B2-E24D7CF186C7}"
EndProject
Project("{9A19103F-16F7-4668-BE54-9A1E7A4F7556}") = "CldServiceFactory", "CLDServiceFactory\CldServiceFactory.csproj", "{31C9083B-8F87-40CA-AB99-ACCD0DA6655F}"
EndProject
Project("{FAE04EC0-301F-11D3-BF4B-00C04F79EFBC}") = "CldStatsDto", "CldStatsDto\CldStatsDto.csproj", "{038AFE89-EB96-4752-B299-A74F4ECE578C}"
EndProject
Global
	GlobalSection(SolutionConfigurationPlatforms) = preSolution
		Debug|Any CPU = Debug|Any CPU
		Release|Any CPU = Release|Any CPU
	EndGlobalSection
	GlobalSection(ProjectConfigurationPlatforms) = postSolution
		{B95B1A47-2442-47C6-84F1-771AA88A7BAB}.Debug|Any CPU.ActiveCfg = Debug|Any CPU
		{B95B1A47-2442-47C6-84F1-771AA88A7BAB}.Debug|Any CPU.Build.0 = Debug|Any CPU
		{B95B1A47-2442-47C6-84F1-771AA88A7BAB}.Release|Any CPU.ActiveCfg = Release|Any CPU
		{B95B1A47-2442-47C6-84F1-771AA88A7BAB}.Release|Any CPU.Build.0 = Release|Any CPU
		{84DD61CD-4DE6-485A-92B2-E24D7CF186C7}.Debug|Any CPU.ActiveCfg = Debug|Any CPU
		{84DD61CD-4DE6-485A-92B2-E24D7CF186C7}.Debug|Any CPU.Build.0 = Debug|Any CPU
		{84DD61CD-4DE6-485A-92B2-E24D7CF186C7}.Release|Any CPU.ActiveCfg = Release|Any CPU
		{84DD61CD-4DE6-485A-92B2-E24D7CF186C7}.Release|Any CPU.Build.0 = Release|Any CPU
		{31C9083B-8F87-40CA-AB99-ACCD0DA6655F}.Debug|Any CPU.ActiveCfg = Debug|Any CPU
		{31C9083B-8F87-40CA-AB99-ACCD0DA6655F}.Debug|Any CPU.Build.0 = Debug|Any CPU
		{31C9083B-8F87-40CA-AB99-ACCD0DA6655F}.Release|Any CPU.ActiveCfg = Release|Any CPU
		{31C9083B-8F87-40CA-AB99-ACCD0DA6655F}.Release|Any CPU.Build.0 = Release|Any CPU
		{038AFE89-EB96-4752-B299-A74F4ECE578C}.Debug|Any CPU.ActiveCfg = Debug|Any CPU
		{038AFE89-EB96-4752-B299-A74F4ECE578C}.Debug|Any CPU.Build.0 = Debug|Any CPU
		{038AFE89-EB96-4752-B299-A74F4ECE578C}.Release|Any CPU.ActiveCfg = Release|Any CPU
		{038AFE89-EB96-4752-B299-A74F4ECE578C}.Release|Any CPU.Build.0 = Release|Any CPU
	EndGlobalSection
	GlobalSection(SolutionProperties) = preSolution
		HideSolutionNode = FALSE
	EndGlobalSection
	GlobalSection(ExtensibilityGlobals) = postSolution
		SolutionGuid = {8A07F8B7-D4D3-4565-8ABA-29A06A73C993}
	EndGlobalSection
EndGlobal
